// !$*UTF8*$!
{
	archiveVersion = 1;
	classes = {
	};
	objectVersion = 51;
	objects = {

/* Begin PBXBuildFile section */
		5A1C0F622520C3BC00F0BCF9 /* PostViewController.swift in Sources */ = {isa = PBXBuildFile; fileRef = 5A1C0F612520C3BC00F0BCF9 /* PostViewController.swift */; };
		5A1C0F652520C5AA00F0BCF9 /* ProfileViewController.swift in Sources */ = {isa = PBXBuildFile; fileRef = 5A1C0F642520C5AA00F0BCF9 /* ProfileViewController.swift */; };
		803EAD472503B18C00E0E909 /* Utilities.swift in Sources */ = {isa = PBXBuildFile; fileRef = 803EAD462503B18C00E0E909 /* Utilities.swift */; };
		804902A22503A22C00393F81 /* AppDelegate.swift in Sources */ = {isa = PBXBuildFile; fileRef = 804902A12503A22C00393F81 /* AppDelegate.swift */; };
		804902A42503A22C00393F81 /* SceneDelegate.swift in Sources */ = {isa = PBXBuildFile; fileRef = 804902A32503A22C00393F81 /* SceneDelegate.swift */; };
		804902A62503A22C00393F81 /* ViewController.swift in Sources */ = {isa = PBXBuildFile; fileRef = 804902A52503A22C00393F81 /* ViewController.swift */; };
		804902A92503A22C00393F81 /* Main.storyboard in Resources */ = {isa = PBXBuildFile; fileRef = 804902A72503A22C00393F81 /* Main.storyboard */; };
		804902AB2503A23400393F81 /* Assets.xcassets in Resources */ = {isa = PBXBuildFile; fileRef = 804902AA2503A23400393F81 /* Assets.xcassets */; };
		804902AE2503A23400393F81 /* LaunchScreen.storyboard in Resources */ = {isa = PBXBuildFile; fileRef = 804902AC2503A23400393F81 /* LaunchScreen.storyboard */; };
		804902B62503A2E000393F81 /* SignupViewController.swift in Sources */ = {isa = PBXBuildFile; fileRef = 804902B52503A2E000393F81 /* SignupViewController.swift */; };
		804902B82503A2EF00393F81 /* LoginViewController.swift in Sources */ = {isa = PBXBuildFile; fileRef = 804902B72503A2EF00393F81 /* LoginViewController.swift */; };
		804902BA2503A30100393F81 /* HomeViewController.swift in Sources */ = {isa = PBXBuildFile; fileRef = 804902B92503A30100393F81 /* HomeViewController.swift */; };
		804D28BA2504F0FD0047D578 /* CURENTINE.mp4 in Resources */ = {isa = PBXBuildFile; fileRef = 804D28B92504F0FD0047D578 /* CURENTINE.mp4 */; };
		80AE5ECE2503C30F007FCF74 /* GoogleService-Info.plist in Resources */ = {isa = PBXBuildFile; fileRef = 80AE5ECD2503C30F007FCF74 /* GoogleService-Info.plist */; };
		80B015E22503DA8C00B889D6 /* Constants.swift in Sources */ = {isa = PBXBuildFile; fileRef = 80B015E12503DA8C00B889D6 /* Constants.swift */; };
		80E088C82519282800D994DC /* picUpload.swift in Sources */ = {isa = PBXBuildFile; fileRef = 80E088C72519282800D994DC /* picUpload.swift */; };
		E0F1C216B5B45C22D2638EA6 /* Pods_curentine2.framework in Frameworks */ = {isa = PBXBuildFile; fileRef = D4525CFAABC2B31452C9DB3C /* Pods_curentine2.framework */; };
/* End PBXBuildFile section */

/* Begin PBXFileReference section */
		124AE759B6289B602D5B9B83 /* Pods-curentine2.release.xcconfig */ = {isa = PBXFileReference; includeInIndex = 1; lastKnownFileType = text.xcconfig; name = "Pods-curentine2.release.xcconfig"; path = "Target Support Files/Pods-curentine2/Pods-curentine2.release.xcconfig"; sourceTree = "<group>"; };
		4339C5A60879B231D155AE01 /* Pods-curentine2.debug.xcconfig */ = {isa = PBXFileReference; includeInIndex = 1; lastKnownFileType = text.xcconfig; name = "Pods-curentine2.debug.xcconfig"; path = "Target Support Files/Pods-curentine2/Pods-curentine2.debug.xcconfig"; sourceTree = "<group>"; };
		5A1C0F612520C3BC00F0BCF9 /* PostViewController.swift */ = {isa = PBXFileReference; lastKnownFileType = sourcecode.swift; path = PostViewController.swift; sourceTree = "<group>"; };
		5A1C0F642520C5AA00F0BCF9 /* ProfileViewController.swift */ = {isa = PBXFileReference; lastKnownFileType = sourcecode.swift; path = ProfileViewController.swift; sourceTree = "<group>"; };
		803EAD462503B18C00E0E909 /* Utilities.swift */ = {isa = PBXFileReference; fileEncoding = 4; lastKnownFileType = sourcecode.swift; path = Utilities.swift; sourceTree = "<group>"; };
		8049029E2503A22C00393F81 /* curentine2.app */ = {isa = PBXFileReference; explicitFileType = wrapper.application; includeInIndex = 0; path = curentine2.app; sourceTree = BUILT_PRODUCTS_DIR; };
		804902A12503A22C00393F81 /* AppDelegate.swift */ = {isa = PBXFileReference; lastKnownFileType = sourcecode.swift; path = AppDelegate.swift; sourceTree = "<group>"; };
		804902A32503A22C00393F81 /* SceneDelegate.swift */ = {isa = PBXFileReference; lastKnownFileType = sourcecode.swift; path = SceneDelegate.swift; sourceTree = "<group>"; };
		804902A52503A22C00393F81 /* ViewController.swift */ = {isa = PBXFileReference; lastKnownFileType = sourcecode.swift; path = ViewController.swift; sourceTree = "<group>"; };
		804902A82503A22C00393F81 /* Base */ = {isa = PBXFileReference; lastKnownFileType = file.storyboard; name = Base; path = Base.lproj/Main.storyboard; sourceTree = "<group>"; };
		804902AA2503A23400393F81 /* Assets.xcassets */ = {isa = PBXFileReference; lastKnownFileType = folder.assetcatalog; path = Assets.xcassets; sourceTree = "<group>"; };
		804902AD2503A23400393F81 /* Base */ = {isa = PBXFileReference; lastKnownFileType = file.storyboard; name = Base; path = Base.lproj/LaunchScreen.storyboard; sourceTree = "<group>"; };
		804902AF2503A23400393F81 /* Info.plist */ = {isa = PBXFileReference; lastKnownFileType = text.plist.xml; path = Info.plist; sourceTree = "<group>"; };
		804902B52503A2E000393F81 /* SignupViewController.swift */ = {isa = PBXFileReference; lastKnownFileType = sourcecode.swift; path = SignupViewController.swift; sourceTree = "<group>"; };
		804902B72503A2EF00393F81 /* LoginViewController.swift */ = {isa = PBXFileReference; lastKnownFileType = sourcecode.swift; path = LoginViewController.swift; sourceTree = "<group>"; };
		804902B92503A30100393F81 /* HomeViewController.swift */ = {isa = PBXFileReference; lastKnownFileType = sourcecode.swift; path = HomeViewController.swift; sourceTree = "<group>"; };
		804D28B92504F0FD0047D578 /* CURENTINE.mp4 */ = {isa = PBXFileReference; lastKnownFileType = file; path = CURENTINE.mp4; sourceTree = "<group>"; };
		80AE5ECD2503C30F007FCF74 /* GoogleService-Info.plist */ = {isa = PBXFileReference; fileEncoding = 4; lastKnownFileType = text.plist.xml; path = "GoogleService-Info.plist"; sourceTree = "<group>"; };
		80B015E12503DA8C00B889D6 /* Constants.swift */ = {isa = PBXFileReference; lastKnownFileType = sourcecode.swift; path = Constants.swift; sourceTree = "<group>"; };
		80E088C72519282800D994DC /* picUpload.swift */ = {isa = PBXFileReference; lastKnownFileType = sourcecode.swift; path = picUpload.swift; sourceTree = "<group>"; };
		D4525CFAABC2B31452C9DB3C /* Pods_curentine2.framework */ = {isa = PBXFileReference; explicitFileType = wrapper.framework; includeInIndex = 0; path = Pods_curentine2.framework; sourceTree = BUILT_PRODUCTS_DIR; };
/* End PBXFileReference section */

/* Begin PBXFrameworksBuildPhase section */
		8049029B2503A22C00393F81 /* Frameworks */ = {
			isa = PBXFrameworksBuildPhase;
			buildActionMask = 2147483647;
			files = (
				E0F1C216B5B45C22D2638EA6 /* Pods_curentine2.framework in Frameworks */,
			);
			runOnlyForDeploymentPostprocessing = 0;
		};
/* End PBXFrameworksBuildPhase section */

/* Begin PBXGroup section */
		13E79422822F2438DD7C3C4C /* Pods */ = {
			isa = PBXGroup;
			children = (
				4339C5A60879B231D155AE01 /* Pods-curentine2.debug.xcconfig */,
				124AE759B6289B602D5B9B83 /* Pods-curentine2.release.xcconfig */,
			);
			path = Pods;
			sourceTree = "<group>";
		};
		803EAD482503B2E400E0E909 /* Helpers */ = {
			isa = PBXGroup;
			children = (
				803EAD462503B18C00E0E909 /* Utilities.swift */,
				80B015E12503DA8C00B889D6 /* Constants.swift */,
			);
			path = Helpers;
			sourceTree = "<group>";
		};
		804902952503A22C00393F81 = {
			isa = PBXGroup;
			children = (
				804902A02503A22C00393F81 /* curentine2 */,
				8049029F2503A22C00393F81 /* Products */,
				13E79422822F2438DD7C3C4C /* Pods */,
				AFB8B613FA66FBE50DC02EBE /* Frameworks */,
			);
			sourceTree = "<group>";
		};
		8049029F2503A22C00393F81 /* Products */ = {
			isa = PBXGroup;
			children = (
				8049029E2503A22C00393F81 /* curentine2.app */,
			);
			name = Products;
			sourceTree = "<group>";
		};
		804902A02503A22C00393F81 /* curentine2 */ = {
			isa = PBXGroup;
			children = (
				804D28B82504E3780047D578 /* Media */,
				803EAD482503B2E400E0E909 /* Helpers */,
				804902BB2503A30F00393F81 /* View Controllers */,
				804902A12503A22C00393F81 /* AppDelegate.swift */,
				804902A32503A22C00393F81 /* SceneDelegate.swift */,
				804902A72503A22C00393F81 /* Main.storyboard */,
				804902AA2503A23400393F81 /* Assets.xcassets */,
				804902AC2503A23400393F81 /* LaunchScreen.storyboard */,
				804902AF2503A23400393F81 /* Info.plist */,
				80AE5ECD2503C30F007FCF74 /* GoogleService-Info.plist */,
			);
			path = curentine2;
			sourceTree = "<group>";
		};
		804902BB2503A30F00393F81 /* View Controllers */ = {
			isa = PBXGroup;
			children = (
				804902A52503A22C00393F81 /* ViewController.swift */,
				804902B52503A2E000393F81 /* SignupViewController.swift */,
				804902B72503A2EF00393F81 /* LoginViewController.swift */,
				804902B92503A30100393F81 /* HomeViewController.swift */,
				80E088C72519282800D994DC /* picUpload.swift */,
				5A1C0F612520C3BC00F0BCF9 /* PostViewController.swift */,
				5A1C0F642520C5AA00F0BCF9 /* ProfileViewController.swift */,
			);
			path = "View Controllers";
			sourceTree = "<group>";
		};
		804D28B82504E3780047D578 /* Media */ = {
			isa = PBXGroup;
			children = (
				804D28B92504F0FD0047D578 /* CURENTINE.mp4 */,
			);
			path = Media;
			sourceTree = "<group>";
		};
		AFB8B613FA66FBE50DC02EBE /* Frameworks */ = {
			isa = PBXGroup;
			children = (
				D4525CFAABC2B31452C9DB3C /* Pods_curentine2.framework */,
			);
			name = Frameworks;
			sourceTree = "<group>";
		};
/* End PBXGroup section */

/* Begin PBXNativeTarget section */
		8049029D2503A22C00393F81 /* curentine2 */ = {
			isa = PBXNativeTarget;
			buildConfigurationList = 804902B22503A23400393F81 /* Build configuration list for PBXNativeTarget "curentine2" */;
			buildPhases = (
				AA2011092E5909781301DE28 /* [CP] Check Pods Manifest.lock */,
				8049029A2503A22C00393F81 /* Sources */,
				8049029B2503A22C00393F81 /* Frameworks */,
				8049029C2503A22C00393F81 /* Resources */,
				09E853FE5890FAC15BA79260 /* [CP] Embed Pods Frameworks */,
			);
			buildRules = (
			);
			dependencies = (
			);
			name = curentine2;
			productName = curentine2;
			productReference = 8049029E2503A22C00393F81 /* curentine2.app */;
			productType = "com.apple.product-type.application";
		};
/* End PBXNativeTarget section */

/* Begin PBXProject section */
		804902962503A22C00393F81 /* Project object */ = {
			isa = PBXProject;
			attributes = {
				LastSwiftUpdateCheck = 1160;
				LastUpgradeCheck = 1160;
				ORGANIZATIONNAME = "Dhruv Rastogi";
				TargetAttributes = {
					8049029D2503A22C00393F81 = {
						CreatedOnToolsVersion = 11.6;
					};
				};
			};
			buildConfigurationList = 804902992503A22C00393F81 /* Build configuration list for PBXProject "curentine2" */;
			compatibilityVersion = "Xcode 9.3";
			developmentRegion = en;
			hasScannedForEncodings = 0;
			knownRegions = (
				en,
				Base,
			);
			mainGroup = 804902952503A22C00393F81;
			productRefGroup = 8049029F2503A22C00393F81 /* Products */;
			projectDirPath = "";
			projectRoot = "";
			targets = (
				8049029D2503A22C00393F81 /* curentine2 */,
			);
		};
/* End PBXProject section */

/* Begin PBXResourcesBuildPhase section */
		8049029C2503A22C00393F81 /* Resources */ = {
			isa = PBXResourcesBuildPhase;
			buildActionMask = 2147483647;
			files = (
				804902AE2503A23400393F81 /* LaunchScreen.storyboard in Resources */,
				804D28BA2504F0FD0047D578 /* CURENTINE.mp4 in Resources */,
				80AE5ECE2503C30F007FCF74 /* GoogleService-Info.plist in Resources */,
				804902AB2503A23400393F81 /* Assets.xcassets in Resources */,
				804902A92503A22C00393F81 /* Main.storyboard in Resources */,
			);
			runOnlyForDeploymentPostprocessing = 0;
		};
/* End PBXResourcesBuildPhase section */

/* Begin PBXShellScriptBuildPhase section */
		09E853FE5890FAC15BA79260 /* [CP] Embed Pods Frameworks */ = {
			isa = PBXShellScriptBuildPhase;
			buildActionMask = 2147483647;
			files = (
			);
			inputFileListPaths = (
				"${PODS_ROOT}/Target Support Files/Pods-curentine2/Pods-curentine2-frameworks-${CONFIGURATION}-input-files.xcfilelist",
			);
			name = "[CP] Embed Pods Frameworks";
			outputFileListPaths = (
				"${PODS_ROOT}/Target Support Files/Pods-curentine2/Pods-curentine2-frameworks-${CONFIGURATION}-output-files.xcfilelist",
			);
			runOnlyForDeploymentPostprocessing = 0;
			shellPath = /bin/sh;
			shellScript = "\"${PODS_ROOT}/Target Support Files/Pods-curentine2/Pods-curentine2-frameworks.sh\"\n";
			showEnvVarsInLog = 0;
		};
		AA2011092E5909781301DE28 /* [CP] Check Pods Manifest.lock */ = {
			isa = PBXShellScriptBuildPhase;
			buildActionMask = 2147483647;
			files = (
			);
			inputFileListPaths = (
			);
			inputPaths = (
				"${PODS_PODFILE_DIR_PATH}/Podfile.lock",
				"${PODS_ROOT}/Manifest.lock",
			);
			name = "[CP] Check Pods Manifest.lock";
			outputFileListPaths = (
			);
			outputPaths = (
				"$(DERIVED_FILE_DIR)/Pods-curentine2-checkManifestLockResult.txt",
			);
			runOnlyForDeploymentPostprocessing = 0;
			shellPath = /bin/sh;
			shellScript = "diff \"${PODS_PODFILE_DIR_PATH}/Podfile.lock\" \"${PODS_ROOT}/Manifest.lock\" > /dev/null\nif [ $? != 0 ] ; then\n    # print error to STDERR\n    echo \"error: The sandbox is not in sync with the Podfile.lock. Run 'pod install' or update your CocoaPods installation.\" >&2\n    exit 1\nfi\n# This output is used by Xcode 'outputs' to avoid re-running this script phase.\necho \"SUCCESS\" > \"${SCRIPT_OUTPUT_FILE_0}\"\n";
			showEnvVarsInLog = 0;
		};
/* End PBXShellScriptBuildPhase section */

/* Begin PBXSourcesBuildPhase section */
		8049029A2503A22C00393F81 /* Sources */ = {
			isa = PBXSourcesBuildPhase;
			buildActionMask = 2147483647;
			files = (
				804902A62503A22C00393F81 /* ViewController.swift in Sources */,
				804902A22503A22C00393F81 /* AppDelegate.swift in Sources */,
				803EAD472503B18C00E0E909 /* Utilities.swift in Sources */,
				804902B62503A2E000393F81 /* SignupViewController.swift in Sources */,
				5A1C0F622520C3BC00F0BCF9 /* PostViewController.swift in Sources */,
				804902B82503A2EF00393F81 /* LoginViewController.swift in Sources */,
				5A1C0F652520C5AA00F0BCF9 /* ProfileViewController.swift in Sources */,
				804902A42503A22C00393F81 /* SceneDelegate.swift in Sources */,
				80E088C82519282800D994DC /* picUpload.swift in Sources */,
				804902BA2503A30100393F81 /* HomeViewController.swift in Sources */,
				80B015E22503DA8C00B889D6 /* Constants.swift in Sources */,
			);
			runOnlyForDeploymentPostprocessing = 0;
		};
/* End PBXSourcesBuildPhase section */

/* Begin PBXVariantGroup section */
		804902A72503A22C00393F81 /* Main.storyboard */ = {
			isa = PBXVariantGroup;
			children = (
				804902A82503A22C00393F81 /* Base */,
			);
			name = Main.storyboard;
			sourceTree = "<group>";
		};
		804902AC2503A23400393F81 /* LaunchScreen.storyboard */ = {
			isa = PBXVariantGroup;
			children = (
				804902AD2503A23400393F81 /* Base */,
			);
			name = LaunchScreen.storyboard;
			sourceTree = "<group>";
		};
/* End PBXVariantGroup section */

/* Begin XCBuildConfiguration section */
		804902B02503A23400393F81 /* Debug */ = {
			isa = XCBuildConfiguration;
			buildSettings = {
				ALWAYS_SEARCH_USER_PATHS = NO;
				CLANG_ANALYZER_NONNULL = YES;
				CLANG_ANALYZER_NUMBER_OBJECT_CONVERSION = YES_AGGRESSIVE;
				CLANG_CXX_LANGUAGE_STANDARD = "gnu++14";
				CLANG_CXX_LIBRARY = "libc++";
				CLANG_ENABLE_MODULES = YES;
				CLANG_ENABLE_OBJC_ARC = YES;
				CLANG_ENABLE_OBJC_WEAK = YES;
				CLANG_WARN_BLOCK_CAPTURE_AUTORELEASING = YES;
				CLANG_WARN_BOOL_CONVERSION = YES;
				CLANG_WARN_COMMA = YES;
				CLANG_WARN_CONSTANT_CONVERSION = YES;
				CLANG_WARN_DEPRECATED_OBJC_IMPLEMENTATIONS = YES;
				CLANG_WARN_DIRECT_OBJC_ISA_USAGE = YES_ERROR;
				CLANG_WARN_DOCUMENTATION_COMMENTS = YES;
				CLANG_WARN_EMPTY_BODY = YES;
				CLANG_WARN_ENUM_CONVERSION = YES;
				CLANG_WARN_INFINITE_RECURSION = YES;
				CLANG_WARN_INT_CONVERSION = YES;
				CLANG_WARN_NON_LITERAL_NULL_CONVERSION = YES;
				CLANG_WARN_OBJC_IMPLICIT_RETAIN_SELF = YES;
				CLANG_WARN_OBJC_LITERAL_CONVERSION = YES;
				CLANG_WARN_OBJC_ROOT_CLASS = YES_ERROR;
				CLANG_WARN_RANGE_LOOP_ANALYSIS = YES;
				CLANG_WARN_STRICT_PROTOTYPES = YES;
				CLANG_WARN_SUSPICIOUS_MOVE = YES;
				CLANG_WARN_UNGUARDED_AVAILABILITY = YES_AGGRESSIVE;
				CLANG_WARN_UNREACHABLE_CODE = YES;
				CLANG_WARN__DUPLICATE_METHOD_MATCH = YES;
				COPY_PHASE_STRIP = NO;
				DEBUG_INFORMATION_FORMAT = dwarf;
				ENABLE_STRICT_OBJC_MSGSEND = YES;
				ENABLE_TESTABILITY = YES;
				GCC_C_LANGUAGE_STANDARD = gnu11;
				GCC_DYNAMIC_NO_PIC = NO;
				GCC_NO_COMMON_BLOCKS = YES;
				GCC_OPTIMIZATION_LEVEL = 0;
				GCC_PREPROCESSOR_DEFINITIONS = (
					"DEBUG=1",
					"$(inherited)",
				);
				GCC_WARN_64_TO_32_BIT_CONVERSION = YES;
				GCC_WARN_ABOUT_RETURN_TYPE = YES_ERROR;
				GCC_WARN_UNDECLARED_SELECTOR = YES;
				GCC_WARN_UNINITIALIZED_AUTOS = YES_AGGRESSIVE;
				GCC_WARN_UNUSED_FUNCTION = YES;
				GCC_WARN_UNUSED_VARIABLE = YES;
				IPHONEOS_DEPLOYMENT_TARGET = 13.6;
				MTL_ENABLE_DEBUG_INFO = INCLUDE_SOURCE;
				MTL_FAST_MATH = YES;
				ONLY_ACTIVE_ARCH = YES;
				SDKROOT = iphoneos;
				SWIFT_ACTIVE_COMPILATION_CONDITIONS = DEBUG;
				SWIFT_OPTIMIZATION_LEVEL = "-Onone";
			};
			name = Debug;
		};
		804902B12503A23400393F81 /* Release */ = {
			isa = XCBuildConfiguration;
			buildSettings = {
				ALWAYS_SEARCH_USER_PATHS = NO;
				CLANG_ANALYZER_NONNULL = YES;
				CLANG_ANALYZER_NUMBER_OBJECT_CONVERSION = YES_AGGRESSIVE;
				CLANG_CXX_LANGUAGE_STANDARD = "gnu++14";
				CLANG_CXX_LIBRARY = "libc++";
				CLANG_ENABLE_MODULES = YES;
				CLANG_ENABLE_OBJC_ARC = YES;
				CLANG_ENABLE_OBJC_WEAK = YES;
				CLANG_WARN_BLOCK_CAPTURE_AUTORELEASING = YES;
				CLANG_WARN_BOOL_CONVERSION = YES;
				CLANG_WARN_COMMA = YES;
				CLANG_WARN_CONSTANT_CONVERSION = YES;
				CLANG_WARN_DEPRECATED_OBJC_IMPLEMENTATIONS = YES;
				CLANG_WARN_DIRECT_OBJC_ISA_USAGE = YES_ERROR;
				CLANG_WARN_DOCUMENTATION_COMMENTS = YES;
				CLANG_WARN_EMPTY_BODY = YES;
				CLANG_WARN_ENUM_CONVERSION = YES;
				CLANG_WARN_INFINITE_RECURSION = YES;
				CLANG_WARN_INT_CONVERSION = YES;
				CLANG_WARN_NON_LITERAL_NULL_CONVERSION = YES;
				CLANG_WARN_OBJC_IMPLICIT_RETAIN_SELF = YES;
				CLANG_WARN_OBJC_LITERAL_CONVERSION = YES;
				CLANG_WARN_OBJC_ROOT_CLASS = YES_ERROR;
				CLANG_WARN_RANGE_LOOP_ANALYSIS = YES;
				CLANG_WARN_STRICT_PROTOTYPES = YES;
				CLANG_WARN_SUSPICIOUS_MOVE = YES;
				CLANG_WARN_UNGUARDED_AVAILABILITY = YES_AGGRESSIVE;
				CLANG_WARN_UNREACHABLE_CODE = YES;
				CLANG_WARN__DUPLICATE_METHOD_MATCH = YES;
				COPY_PHASE_STRIP = NO;
				DEBUG_INFORMATION_FORMAT = "dwarf-with-dsym";
				ENABLE_NS_ASSERTIONS = NO;
				ENABLE_STRICT_OBJC_MSGSEND = YES;
				GCC_C_LANGUAGE_STANDARD = gnu11;
				GCC_NO_COMMON_BLOCKS = YES;
				GCC_WARN_64_TO_32_BIT_CONVERSION = YES;
				GCC_WARN_ABOUT_RETURN_TYPE = YES_ERROR;
				GCC_WARN_UNDECLARED_SELECTOR = YES;
				GCC_WARN_UNINITIALIZED_AUTOS = YES_AGGRESSIVE;
				GCC_WARN_UNUSED_FUNCTION = YES;
				GCC_WARN_UNUSED_VARIABLE = YES;
				IPHONEOS_DEPLOYMENT_TARGET = 13.6;
				MTL_ENABLE_DEBUG_INFO = NO;
				MTL_FAST_MATH = YES;
				SDKROOT = iphoneos;
				SWIFT_COMPILATION_MODE = wholemodule;
				SWIFT_OPTIMIZATION_LEVEL = "-O";
				VALIDATE_PRODUCT = YES;
			};
			name = Release;
		};
		804902B32503A23400393F81 /* Debug */ = {
			isa = XCBuildConfiguration;
			baseConfigurationReference = 4339C5A60879B231D155AE01 /* Pods-curentine2.debug.xcconfig */;
			buildSettings = {
				ASSETCATALOG_COMPILER_APPICON_NAME = AppIcon;
				CODE_SIGN_STYLE = Automatic;
				INFOPLIST_FILE = curentine2/Info.plist;
				LD_RUNPATH_SEARCH_PATHS = (
					"$(inherited)",
					"@executable_path/Frameworks",
				);
				PRODUCT_BUNDLE_IDENTIFIER = com.dhruvrastogi.curentine2;
				PRODUCT_NAME = "$(TARGET_NAME)";
				SWIFT_VERSION = 5.0;
				TARGETED_DEVICE_FAMILY = "1,2";
			};
			name = Debug;
		};
		804902B42503A23400393F81 /* Release */ = {
			isa = XCBuildConfiguration;
			baseConfigurationReference = 124AE759B6289B602D5B9B83 /* Pods-curentine2.release.xcconfig */;
			buildSettings = {
				ASSETCATALOG_COMPILER_APPICON_NAME = AppIcon;
				CODE_SIGN_STYLE = Automatic;
				INFOPLIST_FILE = curentine2/Info.plist;
				LD_RUNPATH_SEARCH_PATHS = (
					"$(inherited)",
					"@executable_path/Frameworks",
				);
				PRODUCT_BUNDLE_IDENTIFIER = com.dhruvrastogi.curentine2;
				PRODUCT_NAME = "$(TARGET_NAME)";
				SWIFT_VERSION = 5.0;
				TARGETED_DEVICE_FAMILY = "1,2";
			};
			name = Release;
		};
/* End XCBuildConfiguration section */

/* Begin XCConfigurationList section */
		804902992503A22C00393F81 /* Build configuration list for PBXProject "curentine2" */ = {
			isa = XCConfigurationList;
			buildConfigurations = (
				804902B02503A23400393F81 /* Debug */,
				804902B12503A23400393F81 /* Release */,
			);
			defaultConfigurationIsVisible = 0;
			defaultConfigurationName = Release;
		};
		804902B22503A23400393F81 /* Build configuration list for PBXNativeTarget "curentine2" */ = {
			isa = XCConfigurationList;
			buildConfigurations = (
				804902B32503A23400393F81 /* Debug */,
				804902B42503A23400393F81 /* Release */,
			);
			defaultConfigurationIsVisible = 0;
			defaultConfigurationName = Release;
		};
/* End XCConfigurationList section */
	};
	rootObject = 804902962503A22C00393F81 /* Project object */;
}
